
Microsoft Visual Studio Solution File, Format Version 12.00
# Visual Studio 15
VisualStudioVersion = 15.0.27703.2026
MinimumVisualStudioVersion = 10.0.40219.1
Project("{FAE04EC0-301F-11D3-BF4B-00C04F79EFBC}") = "TestConsoleApplication", "TestConsoleApplication\TestConsoleApplication.csproj", "{3F582D1F-C478-48B4-A99D-967827A2B469}"
EndProject
Project("{FAE04EC0-301F-11D3-BF4B-00C04F79EFBC}") = "Entities", "Entities\Entities.csproj", "{DC0DB074-D65B-4FA2-8796-15867A77FCF1}"
EndProject
Project("{FAE04EC0-301F-11D3-BF4B-00C04F79EFBC}") = "TasksContainer", "TasksContainer\TasksContainer.csproj", "{C574F9AD-0E3E-4AED-AF85-DBE55C9F025E}"
EndProject
Global
	GlobalSection(SolutionConfigurationPlatforms) = preSolution
		Debug|Any CPU = Debug|Any CPU
		Release|Any CPU = Release|Any CPU
	EndGlobalSection
	GlobalSection(ProjectConfigurationPlatforms) = postSolution
		{3F582D1F-C478-48B4-A99D-967827A2B469}.Debug|Any CPU.ActiveCfg = Debug|Any CPU
		{3F582D1F-C478-48B4-A99D-967827A2B469}.Debug|Any CPU.Build.0 = Debug|Any CPU
		{3F582D1F-C478-48B4-A99D-967827A2B469}.Release|Any CPU.ActiveCfg = Release|Any CPU
		{3F582D1F-C478-48B4-A99D-967827A2B469}.Release|Any CPU.Build.0 = Release|Any CPU
		{DC0DB074-D65B-4FA2-8796-15867A77FCF1}.Debug|Any CPU.ActiveCfg = Debug|Any CPU
		{DC0DB074-D65B-4FA2-8796-15867A77FCF1}.Debug|Any CPU.Build.0 = Debug|Any CPU
		{DC0DB074-D65B-4FA2-8796-15867A77FCF1}.Release|Any CPU.ActiveCfg = Release|Any CPU
		{DC0DB074-D65B-4FA2-8796-15867A77FCF1}.Release|Any CPU.Build.0 = Release|Any CPU
		{C574F9AD-0E3E-4AED-AF85-DBE55C9F025E}.Debug|Any CPU.ActiveCfg = Debug|Any CPU
		{C574F9AD-0E3E-4AED-AF85-DBE55C9F025E}.Debug|Any CPU.Build.0 = Debug|Any CPU
		{C574F9AD-0E3E-4AED-AF85-DBE55C9F025E}.Release|Any CPU.ActiveCfg = Release|Any CPU
		{C574F9AD-0E3E-4AED-AF85-DBE55C9F025E}.Release|Any CPU.Build.0 = Release|Any CPU
	EndGlobalSection
	GlobalSection(SolutionProperties) = preSolution
		HideSolutionNode = FALSE
	EndGlobalSection
	GlobalSection(ExtensibilityGlobals) = postSolution
		SolutionGuid = {522B96AD-6663-4469-9305-483B91940223}
	EndGlobalSection
EndGlobal
